
Microsoft Visual Studio Solution File, Format Version 12.00
# Visual Studio Version 17
VisualStudioVersion = 17.4.33213.308
MinimumVisualStudioVersion = 10.0.40219.1
Project("{FAE04EC0-301F-11D3-BF4B-00C04F79EFBC}") = "TaskAPI", "TaskAPI\TaskAPI.csproj", "{BE32CA60-FC77-42F8-9897-6A2051D67A11}"
EndProject
Global
	GlobalSection(SolutionConfigurationPlatforms) = preSolution
		Debug|Any CPU = Debug|Any CPU
		Release|Any CPU = Release|Any CPU
	EndGlobalSection
	GlobalSection(ProjectConfigurationPlatforms) = postSolution
		{BE32CA60-FC77-42F8-9897-6A2051D67A11}.Debug|Any CPU.ActiveCfg = Debug|Any CPU
		{BE32CA60-FC77-42F8-9897-6A2051D67A11}.Debug|Any CPU.Build.0 = Debug|Any CPU
		{BE32CA60-FC77-42F8-9897-6A2051D67A11}.Release|Any CPU.ActiveCfg = Release|Any CPU
		{BE32CA60-FC77-42F8-9897-6A2051D67A11}.Release|Any CPU.Build.0 = Release|Any CPU
	EndGlobalSection
	GlobalSection(SolutionProperties) = preSolution
		HideSolutionNode = FALSE
	EndGlobalSection
	GlobalSection(ExtensibilityGlobals) = postSolution
		SolutionGuid = {3AAEA067-7F74-4895-BA7A-4C3B0BD8EEA6}
	EndGlobalSection
EndGlobal
